// !$*UTF8*$!
{
	archiveVersion = 1;
	classes = {
	};
	objectVersion = 46;
	objects = {

/* Begin PBXBuildFile section */
		2D7A7C6F1D816023005EEEC0 /* background.jpeg in Resources */ = {isa = PBXBuildFile; fileRef = 2D7A7C6E1D816023005EEEC0 /* background.jpeg */; };
		2DBCDEAA1D7D7E6500D662C1 /* AppDelegate.swift in Sources */ = {isa = PBXBuildFile; fileRef = 2DBCDEA91D7D7E6500D662C1 /* AppDelegate.swift */; };
		2DBCDEAC1D7D7E6500D662C1 /* ViewController.swift in Sources */ = {isa = PBXBuildFile; fileRef = 2DBCDEAB1D7D7E6500D662C1 /* ViewController.swift */; };
		2DBCDEAF1D7D7E6500D662C1 /* Main.storyboard in Resources */ = {isa = PBXBuildFile; fileRef = 2DBCDEAD1D7D7E6500D662C1 /* Main.storyboard */; };
		2DBCDEB11D7D7E6500D662C1 /* Assets.xcassets in Resources */ = {isa = PBXBuildFile; fileRef = 2DBCDEB01D7D7E6500D662C1 /* Assets.xcassets */; };
		2DBCDEB41D7D7E6500D662C1 /* LaunchScreen.storyboard in Resources */ = {isa = PBXBuildFile; fileRef = 2DBCDEB21D7D7E6500D662C1 /* LaunchScreen.storyboard */; };
/* End PBXBuildFile section */

/* Begin PBXFileReference section */
		2D7A7C6E1D816023005EEEC0 /* background.jpeg */ = {isa = PBXFileReference; lastKnownFileType = image.jpeg; path = background.jpeg; sourceTree = "<group>"; };
		2DBCDEA61D7D7E6500D662C1 /* Weather App.app */ = {isa = PBXFileReference; explicitFileType = wrapper.application; includeInIndex = 0; path = "Weather App.app"; sourceTree = BUILT_PRODUCTS_DIR; };
		2DBCDEA91D7D7E6500D662C1 /* AppDelegate.swift */ = {isa = PBXFileReference; lastKnownFileType = sourcecode.swift; path = AppDelegate.swift; sourceTree = "<group>"; };
		2DBCDEAB1D7D7E6500D662C1 /* ViewController.swift */ = {isa = PBXFileReference; lastKnownFileType = sourcecode.swift; path = ViewController.swift; sourceTree = "<group>"; };
		2DBCDEAE1D7D7E6500D662C1 /* Base */ = {isa = PBXFileReference; lastKnownFileType = file.storyboard; name = Base; path = Base.lproj/Main.storyboard; sourceTree = "<group>"; };
		2DBCDEB01D7D7E6500D662C1 /* Assets.xcassets */ = {isa = PBXFileReference; lastKnownFileType = folder.assetcatalog; path = Assets.xcassets; sourceTree = "<group>"; };
		2DBCDEB31D7D7E6500D662C1 /* Base */ = {isa = PBXFileReference; lastKnownFileType = file.storyboard; name = Base; path = Base.lproj/LaunchScreen.storyboard; sourceTree = "<group>"; };
		2DBCDEB51D7D7E6500D662C1 /* Info.plist */ = {isa = PBXFileReference; lastKnownFileType = text.plist.xml; path = Info.plist; sourceTree = "<group>"; };
/* End PBXFileReference section */

/* Begin PBXFrameworksBuildPhase section */
		2DBCDEA31D7D7E6500D662C1 /* Frameworks */ = {
			isa = PBXFrameworksBuildPhase;
			buildActionMask = 2147483647;
			files = (
			);
			runOnlyForDeploymentPostprocessing = 0;
		};
/* End PBXFrameworksBuildPhase section */

/* Begin PBXGroup section */
		2DBCDE9D1D7D7E6500D662C1 = {
			isa = PBXGroup;
			children = (
				2DBCDEA81D7D7E6500D662C1 /* Weather App */,
				2DBCDEA71D7D7E6500D662C1 /* Products */,
			);
			sourceTree = "<group>";
		};
		2DBCDEA71D7D7E6500D662C1 /* Products */ = {
			isa = PBXGroup;
			children = (
				2DBCDEA61D7D7E6500D662C1 /* Weather App.app */,
			);
			name = Products;
			sourceTree = "<group>";
		};
		2DBCDEA81D7D7E6500D662C1 /* Weather App */ = {
			isa = PBXGroup;
			children = (
				2DBCDEA91D7D7E6500D662C1 /* AppDelegate.swift */,
				2DBCDEAB1D7D7E6500D662C1 /* ViewController.swift */,
				2DBCDEAD1D7D7E6500D662C1 /* Main.storyboard */,
				2D7A7C6E1D816023005EEEC0 /* background.jpeg */,
				2DBCDEB01D7D7E6500D662C1 /* Assets.xcassets */,
				2DBCDEB21D7D7E6500D662C1 /* LaunchScreen.storyboard */,
				2DBCDEB51D7D7E6500D662C1 /* Info.plist */,
			);
			path = "Weather App";
			sourceTree = "<group>";
		};
/* End PBXGroup section */

/* Begin PBXNativeTarget section */
		2DBCDEA51D7D7E6500D662C1 /* Weather App */ = {
			isa = PBXNativeTarget;
			buildConfigurationList = 2DBCDEB81D7D7E6500D662C1 /* Build configuration list for PBXNativeTarget "Weather App" */;
			buildPhases = (
				2DBCDEA21D7D7E6500D662C1 /* Sources */,
				2DBCDEA31D7D7E6500D662C1 /* Frameworks */,
				2DBCDEA41D7D7E6500D662C1 /* Resources */,
			);
			buildRules = (
			);
			dependencies = (
			);
			name = "Weather App";
			productName = "Weather App";
			productReference = 2DBCDEA61D7D7E6500D662C1 /* Weather App.app */;
			productType = "com.apple.product-type.application";
		};
/* End PBXNativeTarget section */

/* Begin PBXProject section */
		2DBCDE9E1D7D7E6500D662C1 /* Project object */ = {
			isa = PBXProject;
			attributes = {
				LastSwiftUpdateCheck = 0800;
				LastUpgradeCheck = 0800;
				ORGANIZATIONNAME = jonwang;
				TargetAttributes = {
					2DBCDEA51D7D7E6500D662C1 = {
						CreatedOnToolsVersion = 8.0;
						ProvisioningStyle = Automatic;
					};
				};
			};
			buildConfigurationList = 2DBCDEA11D7D7E6500D662C1 /* Build configuration list for PBXProject "Weather App" */;
			compatibilityVersion = "Xcode 3.2";
			developmentRegion = English;
			hasScannedForEncodings = 0;
			knownRegions = (
				en,
				Base,
			);
			mainGroup = 2DBCDE9D1D7D7E6500D662C1;
			productRefGroup = 2DBCDEA71D7D7E6500D662C1 /* Products */;
			projectDirPath = "";
			projectRoot = "";
			targets = (
				2DBCDEA51D7D7E6500D662C1 /* Weather App */,
			);
		};
/* End PBXProject section */

/* Begin PBXResourcesBuildPhase section */
		2DBCDEA41D7D7E6500D662C1 /* Resources */ = {
			isa = PBXResourcesBuildPhase;
			buildActionMask = 2147483647;
			files = (
				2DBCDEB41D7D7E6500D662C1 /* LaunchScreen.storyboard in Resources */,
				2DBCDEB11D7D7E6500D662C1 /* Assets.xcassets in Resources */,
				2DBCDEAF1D7D7E6500D662C1 /* Main.storyboard in Resources */,
				2D7A7C6F1D816023005EEEC0 /* background.jpeg in Resources */,
			);
			runOnlyForDeploymentPostprocessing = 0;
		};
/* End PBXResourcesBuildPhase section */

/* Begin PBXSourcesBuildPhase section */
		2DBCDEA21D7D7E6500D662C1 /* Sources */ = {
			isa = PBXSourcesBuildPhase;
			buildActionMask = 2147483647;
			files = (
				2DBCDEAC1D7D7E6500D662C1 /* ViewController.swift in Sources */,
				2DBCDEAA1D7D7E6500D662C1 /* AppDelegate.swift in Sources */,
			);
			runOnlyForDeploymentPostprocessing = 0;
		};
/* End PBXSourcesBuildPhase section */

/* Begin PBXVariantGroup section */
		2DBCDEAD1D7D7E6500D662C1 /* Main.storyboard */ = {
			isa = PBXVariantGroup;
			children = (
				2DBCDEAE1D7D7E6500D662C1 /* Base */,
			);
			name = Main.storyboard;
			sourceTree = "<group>";
		};
		2DBCDEB21D7D7E6500D662C1 /* LaunchScreen.storyboard */ = {
			isa = PBXVariantGroup;
			children = (
				2DBCDEB31D7D7E6500D662C1 /* Base */,
			);
			name = LaunchScreen.storyboard;
			sourceTree = "<group>";
		};
/* End PBXVariantGroup section */

/* Begin XCBuildConfiguration section */
		2DBCDEB61D7D7E6500D662C1 /* Debug */ = {
			isa = XCBuildConfiguration;
			buildSettings = {
				ALWAYS_SEARCH_USER_PATHS = NO;
				CLANG_ANALYZER_NONNULL = YES;
				CLANG_CXX_LANGUAGE_STANDARD = "gnu++0x";
				CLANG_CXX_LIBRARY = "libc++";
				CLANG_ENABLE_MODULES = YES;
				CLANG_ENABLE_OBJC_ARC = YES;
				CLANG_WARN_BOOL_CONVERSION = YES;
				CLANG_WARN_CONSTANT_CONVERSION = YES;
				CLANG_WARN_DIRECT_OBJC_ISA_USAGE = YES_ERROR;
				CLANG_WARN_DOCUMENTATION_COMMENTS = YES;
				CLANG_WARN_EMPTY_BODY = YES;
				CLANG_WARN_ENUM_CONVERSION = YES;
				CLANG_WARN_INFINITE_RECURSION = YES;
				CLANG_WARN_INT_CONVERSION = YES;
				CLANG_WARN_OBJC_ROOT_CLASS = YES_ERROR;
				CLANG_WARN_SUSPICIOUS_MOVES = YES;
				CLANG_WARN_UNREACHABLE_CODE = YES;
				CLANG_WARN__DUPLICATE_METHOD_MATCH = YES;
				"CODE_SIGN_IDENTITY[sdk=iphoneos*]" = "iPhone Developer";
				COPY_PHASE_STRIP = NO;
				DEBUG_INFORMATION_FORMAT = dwarf;
				ENABLE_STRICT_OBJC_MSGSEND = YES;
				ENABLE_TESTABILITY = YES;
				GCC_C_LANGUAGE_STANDARD = gnu99;
				GCC_DYNAMIC_NO_PIC = NO;
				GCC_NO_COMMON_BLOCKS = YES;
				GCC_OPTIMIZATION_LEVEL = 0;
				GCC_PREPROCESSOR_DEFINITIONS = (
					"DEBUG=1",
					"$(inherited)",
				);
				GCC_WARN_64_TO_32_BIT_CONVERSION = YES;
				GCC_WARN_ABOUT_RETURN_TYPE = YES_ERROR;
				GCC_WARN_UNDECLARED_SELECTOR = YES;
				GCC_WARN_UNINITIALIZED_AUTOS = YES_AGGRESSIVE;
				GCC_WARN_UNUSED_FUNCTION = YES;
				GCC_WARN_UNUSED_VARIABLE = YES;
				IPHONEOS_DEPLOYMENT_TARGET = 10.0;
				MTL_ENABLE_DEBUG_INFO = YES;
				ONLY_ACTIVE_ARCH = YES;
				SDKROOT = iphoneos;
				SWIFT_ACTIVE_COMPILATION_CONDITIONS = DEBUG;
				SWIFT_OPTIMIZATION_LEVEL = "-Onone";
				TARGETED_DEVICE_FAMILY = "1,2";
			};
			name = Debug;
		};
		2DBCDEB71D7D7E6500D662C1 /* Release */ = {
			isa = XCBuildConfiguration;
			buildSettings = {
				ALWAYS_SEARCH_USER_PATHS = NO;
				CLANG_ANALYZER_NONNULL = YES;
				CLANG_CXX_LANGUAGE_STANDARD = "gnu++0x";
				CLANG_CXX_LIBRARY = "libc++";
				CLANG_ENABLE_MODULES = YES;
				CLANG_ENABLE_OBJC_ARC = YES;
				CLANG_WARN_BOOL_CONVERSION = YES;
				CLANG_WARN_CONSTANT_CONVERSION = YES;
				CLANG_WARN_DIRECT_OBJC_ISA_USAGE = YES_ERROR;
				CLANG_WARN_DOCUMENTATION_COMMENTS = YES;
				CLANG_WARN_EMPTY_BODY = YES;
				CLANG_WARN_ENUM_CONVERSION = YES;
				CLANG_WARN_INFINITE_RECURSION = YES;
				CLANG_WARN_INT_CONVERSION = YES;
				CLANG_WARN_OBJC_ROOT_CLASS = YES_ERROR;
				CLANG_WARN_SUSPICIOUS_MOVES = YES;
				CLANG_WARN_UNREACHABLE_CODE = YES;
				CLANG_WARN__DUPLICATE_METHOD_MATCH = YES;
				"CODE_SIGN_IDENTITY[sdk=iphoneos*]" = "iPhone Developer";
				COPY_PHASE_STRIP = NO;
				DEBUG_INFORMATION_FORMAT = "dwarf-with-dsym";
				ENABLE_NS_ASSERTIONS = NO;
				ENABLE_STRICT_OBJC_MSGSEND = YES;
				GCC_C_LANGUAGE_STANDARD = gnu99;
				GCC_NO_COMMON_BLOCKS = YES;
				GCC_WARN_64_TO_32_BIT_CONVERSION = YES;
				GCC_WARN_ABOUT_RETURN_TYPE = YES_ERROR;
				GCC_WARN_UNDECLARED_SELECTOR = YES;
				GCC_WARN_UNINITIALIZED_AUTOS = YES_AGGRESSIVE;
				GCC_WARN_UNUSED_FUNCTION = YES;
				GCC_WARN_UNUSED_VARIABLE = YES;
				IPHONEOS_DEPLOYMENT_TARGET = 10.0;
				MTL_ENABLE_DEBUG_INFO = NO;
				SDKROOT = iphoneos;
				SWIFT_OPTIMIZATION_LEVEL = "-Owholemodule";
				TARGETED_DEVICE_FAMILY = "1,2";
				VALIDATE_PRODUCT = YES;
			};
			name = Release;
		};
		2DBCDEB91D7D7E6500D662C1 /* Debug */ = {
			isa = XCBuildConfiguration;
			buildSettings = {
				ASSETCATALOG_COMPILER_APPICON_NAME = AppIcon;
				INFOPLIST_FILE = "Weather App/Info.plist";
				LD_RUNPATH_SEARCH_PATHS = "$(inherited) @executable_path/Frameworks";
				PRODUCT_BUNDLE_IDENTIFIER = "com.jonwang.Weather-App";
				PRODUCT_NAME = "$(TARGET_NAME)";
				SWIFT_VERSION = 3.0;
			};
			name = Debug;
		};
		2DBCDEBA1D7D7E6500D662C1 /* Release */ = {
			isa = XCBuildConfiguration;
			buildSettings = {
				ASSETCATALOG_COMPILER_APPICON_NAME = AppIcon;
				INFOPLIST_FILE = "Weather App/Info.plist";
				LD_RUNPATH_SEARCH_PATHS = "$(inherited) @executable_path/Frameworks";
				PRODUCT_BUNDLE_IDENTIFIER = "com.jonwang.Weather-App";
				PRODUCT_NAME = "$(TARGET_NAME)";
				SWIFT_VERSION = 3.0;
			};
			name = Release;
		};
/* End XCBuildConfiguration section */

/* Begin XCConfigurationList section */
		2DBCDEA11D7D7E6500D662C1 /* Build configuration list for PBXProject "Weather App" */ = {
			isa = XCConfigurationList;
			buildConfigurations = (
				2DBCDEB61D7D7E6500D662C1 /* Debug */,
				2DBCDEB71D7D7E6500D662C1 /* Release */,
			);
			defaultConfigurationIsVisible = 0;
			defaultConfigurationName = Release;
		};
		2DBCDEB81D7D7E6500D662C1 /* Build configuration list for PBXNativeTarget "Weather App" */ = {
			isa = XCConfigurationList;
			buildConfigurations = (
				2DBCDEB91D7D7E6500D662C1 /* Debug */,
				2DBCDEBA1D7D7E6500D662C1 /* Release */,
			);
			defaultConfigurationIsVisible = 0;
			defaultConfigurationName = Release;
		};
/* End XCConfigurationList section */
	};
	rootObject = 2DBCDE9E1D7D7E6500D662C1 /* Project object */;
}
